Microsoft Visual Studio Solution File, Format Version 12.00
# Visual Studio Version 17
VisualStudioVersion = 17.0.31903.59
MinimumVisualStudioVersion = 10.0.40219.1
Project("{FAE04EC0-301F-11D3-BF4B-00C04F79EFBC}") = "PoolarisNodeGUI", "src\PoolarisNodeGUI\PoolarisNodeGUI.csproj", "{D3A29783-7836-46DA-BD40-EF33718E2A5A}"
EndProject
Project("{FAE04EC0-301F-11D3-BF4B-00C04F79EFBC}") = "PoolarisNodeGUI.Tests", "tests\PoolarisNodeGUI.Tests\PoolarisNodeGUI.Tests.csproj", "{15191CE1-2105-42F2-93E2-C9442F94B741}"
EndProject
Global
	GlobalSection(SolutionConfigurationPlatforms) = preSolution
		Debug|Any CPU = Debug|Any CPU
		Release|Any CPU = Release|Any CPU
	EndGlobalSection
	GlobalSection(ProjectConfigurationPlatforms) = postSolution
		{D3A29783-7836-46DA-BD40-EF33718E2A5A}.Debug|Any CPU.ActiveCfg = Debug|Any CPU
		{D3A29783-7836-46DA-BD40-EF33718E2A5A}.Debug|Any CPU.Build.0 = Debug|Any CPU
		{D3A29783-7836-46DA-BD40-EF33718E2A5A}.Release|Any CPU.ActiveCfg = Release|Any CPU
		{D3A29783-7836-46DA-BD40-EF33718E2A5A}.Release|Any CPU.Build.0 = Release|Any CPU
		{15191CE1-2105-42F2-93E2-C9442F94B741}.Debug|Any CPU.ActiveCfg = Debug|Any CPU
		{15191CE1-2105-42F2-93E2-C9442F94B741}.Debug|Any CPU.Build.0 = Debug|Any CPU
		{15191CE1-2105-42F2-93E2-C9442F94B741}.Release|Any CPU.ActiveCfg = Release|Any CPU
		{15191CE1-2105-42F2-93E2-C9442F94B741}.Release|Any CPU.Build.0 = Release|Any CPU
	EndGlobalSection
EndGlobal
